
Microsoft Visual Studio Solution File, Format Version 12.00
# Visual Studio Version 17
VisualStudioVersion = 17.9.34616.47
MinimumVisualStudioVersion = 10.0.40219.1
Project("{FAE04EC0-301F-11D3-BF4B-00C04F79EFBC}") = "ZonaRTX", "ZonaRTX.csproj", "{300BACDB-7276-4B9A-B666-C9259CCD19DD}"
EndProject
Global
	GlobalSection(SolutionConfigurationPlatforms) = preSolution
		Debug|Any CPU = Debug|Any CPU
		Release|Any CPU = Release|Any CPU
	EndGlobalSection
	GlobalSection(ProjectConfigurationPlatforms) = postSolution
		{300BACDB-7276-4B9A-B666-C9259CCD19DD}.Debug|Any CPU.ActiveCfg = Debug|Any CPU
		{300BACDB-7276-4B9A-B666-C9259CCD19DD}.Debug|Any CPU.Build.0 = Debug|Any CPU
		{300BACDB-7276-4B9A-B666-C9259CCD19DD}.Release|Any CPU.ActiveCfg = Release|Any CPU
		{300BACDB-7276-4B9A-B666-C9259CCD19DD}.Release|Any CPU.Build.0 = Release|Any CPU
	EndGlobalSection
	GlobalSection(SolutionProperties) = preSolution
		HideSolutionNode = FALSE
	EndGlobalSection
	GlobalSection(ExtensibilityGlobals) = postSolution
		SolutionGuid = {98A19720-4443-4A9F-AEA1-CE6E2AD02490}
	EndGlobalSection
EndGlobal
